
Microsoft Visual Studio Solution File, Format Version 12.00
# Visual Studio 2012
Project("{2150E333-8FDC-42A3-9474-1A3956D46DE8}") = "Core", "Core", "{F2B0D21C-8BD0-48E3-8AA5-9FD8107F30BE}"
EndProject
Project("{2150E333-8FDC-42A3-9474-1A3956D46DE8}") = "Infrastructure", "Infrastructure", "{5D305018-8902-4931-A1B2-105AC5BC2EB1}"
EndProject
Project("{2150E333-8FDC-42A3-9474-1A3956D46DE8}") = "Tests", "Tests", "{7F701EC0-64A2-4DDD-A72B-EB4C09B99492}"
EndProject
Project("{2150E333-8FDC-42A3-9474-1A3956D46DE8}") = "Unit Tests", "Unit Tests", "{86472AC7-7EFF-4E64-9F85-8EBA9345BB8B}"
EndProject
Project("{FAE04EC0-301F-11D3-BF4B-00C04F79EFBC}") = "Multitenant.Core", "Core\Multitenant.Core\Multitenant.Core.csproj", "{4902AFEF-5BBA-4915-B723-33B2767CA7EE}"
EndProject
Project("{FAE04EC0-301F-11D3-BF4B-00C04F79EFBC}") = "Multitenant.Repositories", "Infrastructure\Multitenant.Repositories\Multitenant.Repositories.csproj", "{60CABB6A-E86F-4EBC-9140-21059B7C2875}"
EndProject
Project("{2150E333-8FDC-42A3-9474-1A3956D46DE8}") = "Demo", "Demo", "{D34FE685-A5FE-4476-ACD9-7EDE94080BD9}"
EndProject
Project("{2150E333-8FDC-42A3-9474-1A3956D46DE8}") = ".nuget", ".nuget", "{55C3FF6A-7E2E-4544-AA7D-7E2A334DCAB4}"
	ProjectSection(SolutionItems) = preProject
		.nuget\packages.config = .nuget\packages.config
	EndProjectSection
EndProject
Project("{FAE04EC0-301F-11D3-BF4B-00C04F79EFBC}") = "MvcMultiTenant.Demo", "Tests\Demo\MvcMultiTenant.Demo.csproj", "{1D499FD1-57FB-4DC0-9F6B-2A9D0D34771C}"
EndProject
Project("{FAE04EC0-301F-11D3-BF4B-00C04F79EFBC}") = "Multitenant.UnitTests", "Tests\Unit Tests\Multitenant.UnitTests.csproj", "{E620753D-3E3C-4B63-ADB2-3600626CF045}"
EndProject
Project("{FAE04EC0-301F-11D3-BF4B-00C04F79EFBC}") = "Multitenant.MvcHelpers", "Infrastructure\Multitenant.MvcHelpers\Multitenant.MvcHelpers.csproj", "{425FB648-38D0-4057-A9DE-E04F535348E7}"
EndProject
Project("{FAE04EC0-301F-11D3-BF4B-00C04F79EFBC}") = "Multitenant.Services", "Infrastructure\Multitenant.Services\Multitenant.Services.csproj", "{AE10FCF4-B6E0-4F6D-8D18-6A041A6BB44E}"
EndProject
Global
	GlobalSection(SolutionConfigurationPlatforms) = preSolution
		Debug|Any CPU = Debug|Any CPU
		Release|Any CPU = Release|Any CPU
	EndGlobalSection
	GlobalSection(ProjectConfigurationPlatforms) = postSolution
		{4902AFEF-5BBA-4915-B723-33B2767CA7EE}.Debug|Any CPU.ActiveCfg = Debug|Any CPU
		{4902AFEF-5BBA-4915-B723-33B2767CA7EE}.Debug|Any CPU.Build.0 = Debug|Any CPU
		{4902AFEF-5BBA-4915-B723-33B2767CA7EE}.Release|Any CPU.ActiveCfg = Release|Any CPU
		{4902AFEF-5BBA-4915-B723-33B2767CA7EE}.Release|Any CPU.Build.0 = Release|Any CPU
		{60CABB6A-E86F-4EBC-9140-21059B7C2875}.Debug|Any CPU.ActiveCfg = Debug|Any CPU
		{60CABB6A-E86F-4EBC-9140-21059B7C2875}.Debug|Any CPU.Build.0 = Debug|Any CPU
		{60CABB6A-E86F-4EBC-9140-21059B7C2875}.Release|Any CPU.ActiveCfg = Release|Any CPU
		{60CABB6A-E86F-4EBC-9140-21059B7C2875}.Release|Any CPU.Build.0 = Release|Any CPU
		{1D499FD1-57FB-4DC0-9F6B-2A9D0D34771C}.Debug|Any CPU.ActiveCfg = Debug|Any CPU
		{1D499FD1-57FB-4DC0-9F6B-2A9D0D34771C}.Debug|Any CPU.Build.0 = Debug|Any CPU
		{1D499FD1-57FB-4DC0-9F6B-2A9D0D34771C}.Release|Any CPU.ActiveCfg = Release|Any CPU
		{1D499FD1-57FB-4DC0-9F6B-2A9D0D34771C}.Release|Any CPU.Build.0 = Release|Any CPU
		{E620753D-3E3C-4B63-ADB2-3600626CF045}.Debug|Any CPU.ActiveCfg = Debug|Any CPU
		{E620753D-3E3C-4B63-ADB2-3600626CF045}.Debug|Any CPU.Build.0 = Debug|Any CPU
		{E620753D-3E3C-4B63-ADB2-3600626CF045}.Release|Any CPU.ActiveCfg = Release|Any CPU
		{E620753D-3E3C-4B63-ADB2-3600626CF045}.Release|Any CPU.Build.0 = Release|Any CPU
		{425FB648-38D0-4057-A9DE-E04F535348E7}.Debug|Any CPU.ActiveCfg = Debug|Any CPU
		{425FB648-38D0-4057-A9DE-E04F535348E7}.Debug|Any CPU.Build.0 = Debug|Any CPU
		{425FB648-38D0-4057-A9DE-E04F535348E7}.Release|Any CPU.ActiveCfg = Release|Any CPU
		{425FB648-38D0-4057-A9DE-E04F535348E7}.Release|Any CPU.Build.0 = Release|Any CPU
		{AE10FCF4-B6E0-4F6D-8D18-6A041A6BB44E}.Debug|Any CPU.ActiveCfg = Debug|Any CPU
		{AE10FCF4-B6E0-4F6D-8D18-6A041A6BB44E}.Debug|Any CPU.Build.0 = Debug|Any CPU
		{AE10FCF4-B6E0-4F6D-8D18-6A041A6BB44E}.Release|Any CPU.ActiveCfg = Release|Any CPU
		{AE10FCF4-B6E0-4F6D-8D18-6A041A6BB44E}.Release|Any CPU.Build.0 = Release|Any CPU
	EndGlobalSection
	GlobalSection(SolutionProperties) = preSolution
		HideSolutionNode = FALSE
	EndGlobalSection
	GlobalSection(NestedProjects) = preSolution
		{4902AFEF-5BBA-4915-B723-33B2767CA7EE} = {F2B0D21C-8BD0-48E3-8AA5-9FD8107F30BE}
		{60CABB6A-E86F-4EBC-9140-21059B7C2875} = {5D305018-8902-4931-A1B2-105AC5BC2EB1}
		{425FB648-38D0-4057-A9DE-E04F535348E7} = {5D305018-8902-4931-A1B2-105AC5BC2EB1}
		{AE10FCF4-B6E0-4F6D-8D18-6A041A6BB44E} = {5D305018-8902-4931-A1B2-105AC5BC2EB1}
		{86472AC7-7EFF-4E64-9F85-8EBA9345BB8B} = {7F701EC0-64A2-4DDD-A72B-EB4C09B99492}
		{D34FE685-A5FE-4476-ACD9-7EDE94080BD9} = {7F701EC0-64A2-4DDD-A72B-EB4C09B99492}
		{E620753D-3E3C-4B63-ADB2-3600626CF045} = {86472AC7-7EFF-4E64-9F85-8EBA9345BB8B}
		{1D499FD1-57FB-4DC0-9F6B-2A9D0D34771C} = {D34FE685-A5FE-4476-ACD9-7EDE94080BD9}
	EndGlobalSection
EndGlobal
